
Microsoft Visual Studio Solution File, Format Version 12.00
Project("{FAE04EC0-301F-11D3-BF4B-00C04F79EFBC}") = "SendAmountReduceData", "SendAmountReduceData\SendAmountReduceData.csproj", "{76366F20-52C9-43D0-B38A-0A0CCA05DDB9}"
EndProject
Global
	GlobalSection(SolutionConfigurationPlatforms) = preSolution
		Debug|Any CPU = Debug|Any CPU
		Release|Any CPU = Release|Any CPU
	EndGlobalSection
	GlobalSection(ProjectConfigurationPlatforms) = postSolution
		{76366F20-52C9-43D0-B38A-0A0CCA05DDB9}.Debug|Any CPU.ActiveCfg = Debug|Any CPU
		{76366F20-52C9-43D0-B38A-0A0CCA05DDB9}.Debug|Any CPU.Build.0 = Debug|Any CPU
		{76366F20-52C9-43D0-B38A-0A0CCA05DDB9}.Release|Any CPU.ActiveCfg = Release|Any CPU
		{76366F20-52C9-43D0-B38A-0A0CCA05DDB9}.Release|Any CPU.Build.0 = Release|Any CPU
	EndGlobalSection
EndGlobal
